dependencies:
  espressif/button:
    component_hash: f15af2d7b022536fa1f1328a6a9cd48f4d893dbeed3b3e91d32566ad8002570e
    source:
      service_url: https://api.components.espressif.com/
      type: service
    version: 2.5.1
  espressif/cmake_utilities:
    component_hash: 6983933aa165d5c1bd8ff3716f8873b4dd8577020d9176d22d8568b139ff8753
    source:
      service_url: https://api.components.espressif.com/
      type: service
    version: 0.1.0
  espressif/esp-serial-flasher:
    component_hash: 6020046b7148e887c7e729522e61e8bb63c28a5438c779c1f2a47c48b036f391
    source:
      git: https://github.com/larryli/esp-serial-flasher.git
      path: .
      type: git
    version: 0e95d28185322b5a81508225905e1a54b88c6a78
  espressif/esp_tinyusb:
    component_hash: 4d5c0bdd27386cfafeca6f3d0d8edc44b24218e555b0784a491a47cc13b6a95c
    source:
      git: https://github.com/larryli/idf-extra-components.git
      path: usb/esp_tinyusb
      type: git
    version: 8849aede8307028b283194ab838bbed469ecf7ba
  espressif/led_indicator:
    component_hash: daa844acf7886b78fa4ea25c9dd6a4fb3a83f793a307187026be1c237fba632a
    source:
      service_url: https://api.components.espressif.com/
      type: service
    version: 0.3.0
  espressif/tinyusb:
    component_hash: 820a2eef39c7ff0b810e859efd7035a4e5b9b44e77c49020a50ef0668fc941ae
    source:
      service_url: https://api.components.espressif.com/
      type: service
    version: 0.14.2
  idf:
    component_hash: null
    source:
      type: idf
    version: 5.0.1
manifest_hash: 201e7c1eba4114eb0acf2faf8e758f1c2af500a2e5df3adbd94124eba9e5456b
target: esp32s2
version: 1.0.0
